// !$*UTF8*$!
{
	archiveVersion = 1;
	classes = {
	};
	objectVersion = 77;
	objects = {

/* Begin PBXBuildFile section */
		4068CCF32E8A7BAC009DAE08 /* Assets.xcassets in Resources */ = {isa = PBXBuildFile; fileRef = 4068CCEE2E8A7BAC009DAE08 /* Assets.xcassets */; };
		4068CCF42E8A7BAC009DAE08 /* AppDelegate.swift in Sources */ = {isa = PBXBuildFile; fileRef = 4068CCED2E8A7BAC009DAE08 /* AppDelegate.swift */; };
		4068CCF52E8A7BAC009DAE08 /* SmartHelpers.swift in Sources */ = {isa = PBXBuildFile; fileRef = 4068CCEF2E8A7BAC009DAE08 /* SmartHelpers.swift */; };
		4068CCF62E8A7BAC009DAE08 /* SmartLaunchView.swift in Sources */ = {isa = PBXBuildFile; fileRef = 4068CCF02E8A7BAC009DAE08 /* SmartLaunchView.swift */; };
		4068CCF72E8A7BAC009DAE08 /* SmartSpyApp.swift in Sources */ = {isa = PBXBuildFile; fileRef = 4068CCF12E8A7BAC009DAE08 /* SmartSpyApp.swift */; };
		4068CCF92E8A7BBF009DAE08 /* SmartLaunchScreen.storyboard in Resources */ = {isa = PBXBuildFile; fileRef = 4068CCF82E8A7BBF009DAE08 /* SmartLaunchScreen.storyboard */; };
		4068CCFC2E8A7BE6009DAE08 /* SmartMenuView.swift in Sources */ = {isa = PBXBuildFile; fileRef = 4068CCFB2E8A7BE6009DAE08 /* SmartMenuView.swift */; };
		4068CD5C2E8A8970009DAE08 /* SmartOnboardView.swift in Sources */ = {isa = PBXBuildFile; fileRef = 4068CD5B2E8A8970009DAE08 /* SmartOnboardView.swift */; };
		4068CD5E2E8A8B86009DAE08 /* SmartSettingsView.swift in Sources */ = {isa = PBXBuildFile; fileRef = 4068CD5D2E8A8B86009DAE08 /* SmartSettingsView.swift */; };
		408A2D432E8BC30D00C41792 /* SmartGameView.swift in Sources */ = {isa = PBXBuildFile; fileRef = 408A2D422E8BC30D00C41792 /* SmartGameView.swift */; };
		408A2D452E8BC31300C41792 /* SmartGameScene.swift in Sources */ = {isa = PBXBuildFile; fileRef = 408A2D442E8BC31300C41792 /* SmartGameScene.swift */; };
		408A2D492E8BE0C100C41792 /* smartPersonCollectSound.mp3 in Resources */ = {isa = PBXBuildFile; fileRef = 408A2D482E8BE0C100C41792 /* smartPersonCollectSound.mp3 */; };
		408A2D4A2E8BE0C100C41792 /* smartFinalSound.mp3 in Resources */ = {isa = PBXBuildFile; fileRef = 408A2D462E8BE0C100C41792 /* smartFinalSound.mp3 */; };
		408A2D4B2E8BE0C100C41792 /* smartMainSound.mp3 in Resources */ = {isa = PBXBuildFile; fileRef = 408A2D472E8BE0C100C41792 /* smartMainSound.mp3 */; };
		40A5A7612E8AB8F200742AAA /* SmartShopView.swift in Sources */ = {isa = PBXBuildFile; fileRef = 40A5A7602E8AB8F200742AAA /* SmartShopView.swift */; };
		40A5A7632E8ABF5600742AAA /* SmartRewardsView.swift in Sources */ = {isa = PBXBuildFile; fileRef = 40A5A7622E8ABF5600742AAA /* SmartRewardsView.swift */; };
		40A5A7A72E8AC7E100742AAA /* SmartPauseView.swift in Sources */ = {isa = PBXBuildFile; fileRef = 40A5A7A62E8AC7E100742AAA /* SmartPauseView.swift */; };
		40A5A7A92E8AC8DD00742AAA /* SmartResultView.swift in Sources */ = {isa = PBXBuildFile; fileRef = 40A5A7A82E8AC8DD00742AAA /* SmartResultView.swift */; };
		513DE3652E8DDA6000C82071 /* AdkLib in Frameworks */ = {isa = PBXBuildFile; productRef = 513DE3642E8DDA6000C82071 /* AdkLib */; };
		513DE3692E8DDACC00C82071 /* AdkLib in Frameworks */ = {isa = PBXBuildFile; productRef = 513DE3682E8DDACC00C82071 /* AdkLib */; };
/* End PBXBuildFile section */

/* Begin PBXFileReference section */
		4068CCED2E8A7BAC009DAE08 /* AppDelegate.swift */ = {isa = PBXFileReference; lastKnownFileType = sourcecode.swift; path = AppDelegate.swift; sourceTree = "<group>"; };
		4068CCEE2E8A7BAC009DAE08 /* Assets.xcassets */ = {isa = PBXFileReference; lastKnownFileType = folder.assetcatalog; path = Assets.xcassets; sourceTree = "<group>"; };
		4068CCEF2E8A7BAC009DAE08 /* SmartHelpers.swift */ = {isa = PBXFileReference; lastKnownFileType = sourcecode.swift; path = SmartHelpers.swift; sourceTree = "<group>"; };
		4068CCF02E8A7BAC009DAE08 /* SmartLaunchView.swift */ = {isa = PBXFileReference; lastKnownFileType = sourcecode.swift; path = SmartLaunchView.swift; sourceTree = "<group>"; };
		4068CCF12E8A7BAC009DAE08 /* SmartSpyApp.swift */ = {isa = PBXFileReference; lastKnownFileType = sourcecode.swift; path = SmartSpyApp.swift; sourceTree = "<group>"; };
		4068CCF82E8A7BBF009DAE08 /* SmartLaunchScreen.storyboard */ = {isa = PBXFileReference; lastKnownFileType = file.storyboard; path = SmartLaunchScreen.storyboard; sourceTree = "<group>"; };
		4068CCFA2E8A7BD7009DAE08 /* Info.plist */ = {isa = PBXFileReference; lastKnownFileType = text.plist.xml; path = Info.plist; sourceTree = "<group>"; };
		4068CCFB2E8A7BE6009DAE08 /* SmartMenuView.swift */ = {isa = PBXFileReference; lastKnownFileType = sourcecode.swift; path = SmartMenuView.swift; sourceTree = "<group>"; };
		4068CD5B2E8A8970009DAE08 /* SmartOnboardView.swift */ = {isa = PBXFileReference; lastKnownFileType = sourcecode.swift; path = SmartOnboardView.swift; sourceTree = "<group>"; };
		4068CD5D2E8A8B86009DAE08 /* SmartSettingsView.swift */ = {isa = PBXFileReference; lastKnownFileType = sourcecode.swift; path = SmartSettingsView.swift; sourceTree = "<group>"; };
		408A2D422E8BC30D00C41792 /* SmartGameView.swift */ = {isa = PBXFileReference; lastKnownFileType = sourcecode.swift; path = SmartGameView.swift; sourceTree = "<group>"; };
		408A2D442E8BC31300C41792 /* SmartGameScene.swift */ = {isa = PBXFileReference; lastKnownFileType = sourcecode.swift; path = SmartGameScene.swift; sourceTree = "<group>"; };
		408A2D462E8BE0C100C41792 /* smartFinalSound.mp3 */ = {isa = PBXFileReference; lastKnownFileType = audio.mp3; path = smartFinalSound.mp3; sourceTree = "<group>"; };
		408A2D472E8BE0C100C41792 /* smartMainSound.mp3 */ = {isa = PBXFileReference; lastKnownFileType = audio.mp3; path = smartMainSound.mp3; sourceTree = "<group>"; };
		408A2D482E8BE0C100C41792 /* smartPersonCollectSound.mp3 */ = {isa = PBXFileReference; lastKnownFileType = audio.mp3; path = smartPersonCollectSound.mp3; sourceTree = "<group>"; };
		40A5A7602E8AB8F200742AAA /* SmartShopView.swift */ = {isa = PBXFileReference; lastKnownFileType = sourcecode.swift; path = SmartShopView.swift; sourceTree = "<group>"; };
		40A5A7622E8ABF5600742AAA /* SmartRewardsView.swift */ = {isa = PBXFileReference; lastKnownFileType = sourcecode.swift; path = SmartRewardsView.swift; sourceTree = "<group>"; };
		40A5A7A62E8AC7E100742AAA /* SmartPauseView.swift */ = {isa = PBXFileReference; lastKnownFileType = sourcecode.swift; path = SmartPauseView.swift; sourceTree = "<group>"; };
		40A5A7A82E8AC8DD00742AAA /* SmartResultView.swift */ = {isa = PBXFileReference; lastKnownFileType = sourcecode.swift; path = SmartResultView.swift; sourceTree = "<group>"; };
		513DE3662E8DDA9900C82071 /* SmartSpy.app */ = {isa = PBXFileReference; explicitFileType = wrapper.application; includeInIndex = 0; name = SmartSpy.app; path = "/Users/juntarv/Desktop/WWapps/SmartSpyArt/build/Debug-iphoneos/SmartSpy.app"; sourceTree = "<absolute>"; };
/* End PBXFileReference section */

/* Begin PBXFrameworksBuildPhase section */
		4068CCD62E8A79E2009DAE08 /* Frameworks */ = {
			isa = PBXFrameworksBuildPhase;
			buildActionMask = 2147483647;
			files = (
				513DE3652E8DDA6000C82071 /* AdkLib in Frameworks */,
				513DE3692E8DDACC00C82071 /* AdkLib in Frameworks */,
			);
			runOnlyForDeploymentPostprocessing = 0;
		};
/* End PBXFrameworksBuildPhase section */

/* Begin PBXGroup section */
		4068CCD02E8A79E2009DAE08 = {
			isa = PBXGroup;
			children = (
				4068CCF22E8A7BAC009DAE08 /* SmartSpy */,
			);
			sourceTree = "<group>";
		};
		4068CCF22E8A7BAC009DAE08 /* SmartSpy */ = {
			isa = PBXGroup;
			children = (
				4068CCEF2E8A7BAC009DAE08 /* SmartHelpers.swift */,
				4068CCF02E8A7BAC009DAE08 /* SmartLaunchView.swift */,
				4068CCFB2E8A7BE6009DAE08 /* SmartMenuView.swift */,
				4068CD5B2E8A8970009DAE08 /* SmartOnboardView.swift */,
				4068CD5D2E8A8B86009DAE08 /* SmartSettingsView.swift */,
				40A5A7602E8AB8F200742AAA /* SmartShopView.swift */,
				40A5A7622E8ABF5600742AAA /* SmartRewardsView.swift */,
				40A5A7A62E8AC7E100742AAA /* SmartPauseView.swift */,
				40A5A7A82E8AC8DD00742AAA /* SmartResultView.swift */,
				408A2D422E8BC30D00C41792 /* SmartGameView.swift */,
				408A2D442E8BC31300C41792 /* SmartGameScene.swift */,
				4068CCEE2E8A7BAC009DAE08 /* Assets.xcassets */,
				408A2D462E8BE0C100C41792 /* smartFinalSound.mp3 */,
				408A2D472E8BE0C100C41792 /* smartMainSound.mp3 */,
				408A2D482E8BE0C100C41792 /* smartPersonCollectSound.mp3 */,
				4068CCF82E8A7BBF009DAE08 /* SmartLaunchScreen.storyboard */,
				4068CCF12E8A7BAC009DAE08 /* SmartSpyApp.swift */,
				4068CCED2E8A7BAC009DAE08 /* AppDelegate.swift */,
				4068CCFA2E8A7BD7009DAE08 /* Info.plist */,
			);
			path = SmartSpy;
			sourceTree = "<group>";
		};
/* End PBXGroup section */

/* Begin PBXNativeTarget section */
		4068CCD82E8A79E2009DAE08 /* SmartSpy */ = {
			isa = PBXNativeTarget;
			buildConfigurationList = 4068CCE42E8A79E3009DAE08 /* Build configuration list for PBXNativeTarget "SmartSpy" */;
			buildPhases = (
				4068CCD52E8A79E2009DAE08 /* Sources */,
				4068CCD62E8A79E2009DAE08 /* Frameworks */,
				4068CCD72E8A79E2009DAE08 /* Resources */,
			);
			buildRules = (
			);
			dependencies = (
			);
			name = SmartSpy;
			packageProductDependencies = (
				513DE3642E8DDA6000C82071 /* AdkLib */,
				513DE3682E8DDACC00C82071 /* AdkLib */,
			);
			productName = SmartSpy;
			productReference = 513DE3662E8DDA9900C82071 /* SmartSpy.app */;
			productType = "com.apple.product-type.application";
		};
/* End PBXNativeTarget section */

/* Begin PBXProject section */
		4068CCD12E8A79E2009DAE08 /* Project object */ = {
			isa = PBXProject;
			attributes = {
				BuildIndependentTargetsInParallel = 1;
				LastSwiftUpdateCheck = 1630;
				LastUpgradeCheck = 1630;
				TargetAttributes = {
					4068CCD82E8A79E2009DAE08 = {
						CreatedOnToolsVersion = 16.3;
					};
				};
			};
			buildConfigurationList = 4068CCD42E8A79E2009DAE08 /* Build configuration list for PBXProject "SmartSpy" */;
			developmentRegion = en;
			hasScannedForEncodings = 0;
			knownRegions = (
				en,
				Base,
			);
			mainGroup = 4068CCD02E8A79E2009DAE08;
			minimizedProjectReferenceProxies = 1;
			packageReferences = (
				513DE3672E8DDACC00C82071 /* XCLocalSwiftPackageReference "Packages/AdkLib" */,
			);
			preferredProjectObjectVersion = 77;
			productRefGroup = 4068CCD02E8A79E2009DAE08;
			projectDirPath = "";
			projectRoot = "";
			targets = (
				4068CCD82E8A79E2009DAE08 /* SmartSpy */,
			);
		};
/* End PBXProject section */

/* Begin PBXResourcesBuildPhase section */
		4068CCD72E8A79E2009DAE08 /* Resources */ = {
			isa = PBXResourcesBuildPhase;
			buildActionMask = 2147483647;
			files = (
				4068CCF32E8A7BAC009DAE08 /* Assets.xcassets in Resources */,
				408A2D492E8BE0C100C41792 /* smartPersonCollectSound.mp3 in Resources */,
				408A2D4A2E8BE0C100C41792 /* smartFinalSound.mp3 in Resources */,
				408A2D4B2E8BE0C100C41792 /* smartMainSound.mp3 in Resources */,
				4068CCF92E8A7BBF009DAE08 /* SmartLaunchScreen.storyboard in Resources */,
			);
			runOnlyForDeploymentPostprocessing = 0;
		};
/* End PBXResourcesBuildPhase section */

/* Begin PBXSourcesBuildPhase section */
		4068CCD52E8A79E2009DAE08 /* Sources */ = {
			isa = PBXSourcesBuildPhase;
			buildActionMask = 2147483647;
			files = (
				40A5A7632E8ABF5600742AAA /* SmartRewardsView.swift in Sources */,
				408A2D452E8BC31300C41792 /* SmartGameScene.swift in Sources */,
				4068CCF42E8A7BAC009DAE08 /* AppDelegate.swift in Sources */,
				4068CCFC2E8A7BE6009DAE08 /* SmartMenuView.swift in Sources */,
				40A5A7612E8AB8F200742AAA /* SmartShopView.swift in Sources */,
				4068CD5C2E8A8970009DAE08 /* SmartOnboardView.swift in Sources */,
				40A5A7A72E8AC7E100742AAA /* SmartPauseView.swift in Sources */,
				4068CCF52E8A7BAC009DAE08 /* SmartHelpers.swift in Sources */,
				4068CCF62E8A7BAC009DAE08 /* SmartLaunchView.swift in Sources */,
				4068CCF72E8A7BAC009DAE08 /* SmartSpyApp.swift in Sources */,
				40A5A7A92E8AC8DD00742AAA /* SmartResultView.swift in Sources */,
				408A2D432E8BC30D00C41792 /* SmartGameView.swift in Sources */,
				4068CD5E2E8A8B86009DAE08 /* SmartSettingsView.swift in Sources */,
			);
			runOnlyForDeploymentPostprocessing = 0;
		};
/* End PBXSourcesBuildPhase section */

/* Begin XCBuildConfiguration section */
		4068CCE22E8A79E3009DAE08 /* Debug */ = {
			isa = XCBuildConfiguration;
			buildSettings = {
				ALWAYS_SEARCH_USER_PATHS = NO;
				ASSETCATALOG_COMPILER_GENERATE_SWIFT_ASSET_SYMBOL_EXTENSIONS = YES;
				CLANG_ANALYZER_NONNULL = YES;
				CLANG_ANALYZER_NUMBER_OBJECT_CONVERSION = YES_AGGRESSIVE;
				CLANG_CXX_LANGUAGE_STANDARD = "gnu++20";
				CLANG_ENABLE_MODULES = YES;
				CLANG_ENABLE_OBJC_ARC = YES;
				CLANG_ENABLE_OBJC_WEAK = YES;
				CLANG_WARN_BLOCK_CAPTURE_AUTORELEASING = YES;
				CLANG_WARN_BOOL_CONVERSION = YES;
				CLANG_WARN_COMMA = YES;
				CLANG_WARN_CONSTANT_CONVERSION = YES;
				CLANG_WARN_DEPRECATED_OBJC_IMPLEMENTATIONS = YES;
				CLANG_WARN_DIRECT_OBJC_ISA_USAGE = YES_ERROR;
				CLANG_WARN_DOCUMENTATION_COMMENTS = YES;
				CLANG_WARN_EMPTY_BODY = YES;
				CLANG_WARN_ENUM_CONVERSION = YES;
				CLANG_WARN_INFINITE_RECURSION = YES;
				CLANG_WARN_INT_CONVERSION = YES;
				CLANG_WARN_NON_LITERAL_NULL_CONVERSION = YES;
				CLANG_WARN_OBJC_IMPLICIT_RETAIN_SELF = YES;
				CLANG_WARN_OBJC_LITERAL_CONVERSION = YES;
				CLANG_WARN_OBJC_ROOT_CLASS = YES_ERROR;
				CLANG_WARN_QUOTED_INCLUDE_IN_FRAMEWORK_HEADER = YES;
				CLANG_WARN_RANGE_LOOP_ANALYSIS = YES;
				CLANG_WARN_STRICT_PROTOTYPES = YES;
				CLANG_WARN_SUSPICIOUS_MOVE = YES;
				CLANG_WARN_UNGUARDED_AVAILABILITY = YES_AGGRESSIVE;
				CLANG_WARN_UNREACHABLE_CODE = YES;
				CLANG_WARN__DUPLICATE_METHOD_MATCH = YES;
				COPY_PHASE_STRIP = NO;
				DEBUG_INFORMATION_FORMAT = dwarf;
				ENABLE_STRICT_OBJC_MSGSEND = YES;
				ENABLE_TESTABILITY = YES;
				ENABLE_USER_SCRIPT_SANDBOXING = YES;
				GCC_C_LANGUAGE_STANDARD = gnu17;
				GCC_DYNAMIC_NO_PIC = NO;
				GCC_NO_COMMON_BLOCKS = YES;
				GCC_OPTIMIZATION_LEVEL = 0;
				GCC_PREPROCESSOR_DEFINITIONS = (
					"DEBUG=1",
					"$(inherited)",
				);
				GCC_WARN_64_TO_32_BIT_CONVERSION = YES;
				GCC_WARN_ABOUT_RETURN_TYPE = YES_ERROR;
				GCC_WARN_UNDECLARED_SELECTOR = YES;
				GCC_WARN_UNINITIALIZED_AUTOS = YES_AGGRESSIVE;
				GCC_WARN_UNUSED_FUNCTION = YES;
				GCC_WARN_UNUSED_VARIABLE = YES;
				IPHONEOS_DEPLOYMENT_TARGET = 18.4;
				LOCALIZATION_PREFERS_STRING_CATALOGS = YES;
				MTL_ENABLE_DEBUG_INFO = INCLUDE_SOURCE;
				MTL_FAST_MATH = YES;
				ONLY_ACTIVE_ARCH = YES;
				SDKROOT = iphoneos;
				SWIFT_ACTIVE_COMPILATION_CONDITIONS = "DEBUG $(inherited)";
				SWIFT_OPTIMIZATION_LEVEL = "-Onone";
			};
			name = Debug;
		};
		4068CCE32E8A79E3009DAE08 /* Release */ = {
			isa = XCBuildConfiguration;
			buildSettings = {
				ALWAYS_SEARCH_USER_PATHS = NO;
				ASSETCATALOG_COMPILER_GENERATE_SWIFT_ASSET_SYMBOL_EXTENSIONS = YES;
				CLANG_ANALYZER_NONNULL = YES;
				CLANG_ANALYZER_NUMBER_OBJECT_CONVERSION = YES_AGGRESSIVE;
				CLANG_CXX_LANGUAGE_STANDARD = "gnu++20";
				CLANG_ENABLE_MODULES = YES;
				CLANG_ENABLE_OBJC_ARC = YES;
				CLANG_ENABLE_OBJC_WEAK = YES;
				CLANG_WARN_BLOCK_CAPTURE_AUTORELEASING = YES;
				CLANG_WARN_BOOL_CONVERSION = YES;
				CLANG_WARN_COMMA = YES;
				CLANG_WARN_CONSTANT_CONVERSION = YES;
				CLANG_WARN_DEPRECATED_OBJC_IMPLEMENTATIONS = YES;
				CLANG_WARN_DIRECT_OBJC_ISA_USAGE = YES_ERROR;
				CLANG_WARN_DOCUMENTATION_COMMENTS = YES;
				CLANG_WARN_EMPTY_BODY = YES;
				CLANG_WARN_ENUM_CONVERSION = YES;
				CLANG_WARN_INFINITE_RECURSION = YES;
				CLANG_WARN_INT_CONVERSION = YES;
				CLANG_WARN_NON_LITERAL_NULL_CONVERSION = YES;
				CLANG_WARN_OBJC_IMPLICIT_RETAIN_SELF = YES;
				CLANG_WARN_OBJC_LITERAL_CONVERSION = YES;
				CLANG_WARN_OBJC_ROOT_CLASS = YES_ERROR;
				CLANG_WARN_QUOTED_INCLUDE_IN_FRAMEWORK_HEADER = YES;
				CLANG_WARN_RANGE_LOOP_ANALYSIS = YES;
				CLANG_WARN_STRICT_PROTOTYPES = YES;
				CLANG_WARN_SUSPICIOUS_MOVE = YES;
				CLANG_WARN_UNGUARDED_AVAILABILITY = YES_AGGRESSIVE;
				CLANG_WARN_UNREACHABLE_CODE = YES;
				CLANG_WARN__DUPLICATE_METHOD_MATCH = YES;
				COPY_PHASE_STRIP = NO;
				DEBUG_INFORMATION_FORMAT = "dwarf-with-dsym";
				ENABLE_NS_ASSERTIONS = NO;
				ENABLE_STRICT_OBJC_MSGSEND = YES;
				ENABLE_USER_SCRIPT_SANDBOXING = YES;
				GCC_C_LANGUAGE_STANDARD = gnu17;
				GCC_NO_COMMON_BLOCKS = YES;
				GCC_WARN_64_TO_32_BIT_CONVERSION = YES;
				GCC_WARN_ABOUT_RETURN_TYPE = YES_ERROR;
				GCC_WARN_UNDECLARED_SELECTOR = YES;
				GCC_WARN_UNINITIALIZED_AUTOS = YES_AGGRESSIVE;
				GCC_WARN_UNUSED_FUNCTION = YES;
				GCC_WARN_UNUSED_VARIABLE = YES;
				IPHONEOS_DEPLOYMENT_TARGET = 18.4;
				LOCALIZATION_PREFERS_STRING_CATALOGS = YES;
				MTL_ENABLE_DEBUG_INFO = NO;
				MTL_FAST_MATH = YES;
				SDKROOT = iphoneos;
				SWIFT_COMPILATION_MODE = wholemodule;
				VALIDATE_PRODUCT = YES;
			};
			name = Release;
		};
		4068CCE52E8A79E3009DAE08 /* Debug */ = {
			isa = XCBuildConfiguration;
			buildSettings = {
				ASSETCATALOG_COMPILER_APPICON_NAME = AppIcon;
				ASSETCATALOG_COMPILER_GLOBAL_ACCENT_COLOR_NAME = AccentColor;
				CODE_SIGN_STYLE = Manual;
				CURRENT_PROJECT_VERSION = 1;
				DEVELOPMENT_TEAM = "";
				ENABLE_PREVIEWS = YES;
				GENERATE_INFOPLIST_FILE = YES;
				INFOPLIST_FILE = SmartSpy/Info.plist;
				INFOPLIST_KEY_UIApplicationSceneManifest_Generation = YES;
				INFOPLIST_KEY_UIApplicationSupportsIndirectInputEvents = YES;
				INFOPLIST_KEY_UILaunchScreen_Generation = YES;
				INFOPLIST_KEY_UILaunchStoryboardName = SmartLaunchScreen.storyboard;
				INFOPLIST_KEY_UIStatusBarHidden = YES;
				INFOPLIST_KEY_UISupportedInterfaceOrientations = UIInterfaceOrientationPortrait;
				INFOPLIST_KEY_UISupportedInterfaceOrientations_iPad = "UIInterfaceOrientationLandscapeLeft UIInterfaceOrientationLandscapeRight UIInterfaceOrientationPortrait UIInterfaceOrientationPortraitUpsideDown";
				IPHONEOS_DEPLOYMENT_TARGET = 16.0;
				LD_RUNPATH_SEARCH_PATHS = (
					"$(inherited)",
					"@executable_path/Frameworks",
				);
				MARKETING_VERSION = 1.0;
				PRODUCT_BUNDLE_IDENTIFIER = MolJ.SmartSpy;
				PRODUCT_NAME = "$(TARGET_NAME)";
				PROVISIONING_PROFILE_SPECIFIER = "";
				SUPPORTED_PLATFORMS = "iphoneos iphonesimulator";
				SUPPORTS_MACCATALYST = NO;
				SUPPORTS_MAC_DESIGNED_FOR_IPHONE_IPAD = NO;
				SUPPORTS_XR_DESIGNED_FOR_IPHONE_IPAD = NO;
				SWIFT_EMIT_LOC_STRINGS = YES;
				SWIFT_VERSION = 5.0;
				TARGETED_DEVICE_FAMILY = 1;
			};
			name = Debug;
		};
		4068CCE62E8A79E3009DAE08 /* Release */ = {
			isa = XCBuildConfiguration;
			buildSettings = {
				ASSETCATALOG_COMPILER_APPICON_NAME = AppIcon;
				ASSETCATALOG_COMPILER_GLOBAL_ACCENT_COLOR_NAME = AccentColor;
				CODE_SIGN_STYLE = Manual;
				CURRENT_PROJECT_VERSION = 1;
				DEVELOPMENT_TEAM = "";
				ENABLE_PREVIEWS = YES;
				GENERATE_INFOPLIST_FILE = YES;
				INFOPLIST_FILE = SmartSpy/Info.plist;
				INFOPLIST_KEY_UIApplicationSceneManifest_Generation = YES;
				INFOPLIST_KEY_UIApplicationSupportsIndirectInputEvents = YES;
				INFOPLIST_KEY_UILaunchScreen_Generation = YES;
				INFOPLIST_KEY_UILaunchStoryboardName = SmartLaunchScreen.storyboard;
				INFOPLIST_KEY_UIStatusBarHidden = YES;
				INFOPLIST_KEY_UISupportedInterfaceOrientations = UIInterfaceOrientationPortrait;
				INFOPLIST_KEY_UISupportedInterfaceOrientations_iPad = "UIInterfaceOrientationLandscapeLeft UIInterfaceOrientationLandscapeRight UIInterfaceOrientationPortrait UIInterfaceOrientationPortraitUpsideDown";
				IPHONEOS_DEPLOYMENT_TARGET = 16.0;
				LD_RUNPATH_SEARCH_PATHS = (
					"$(inherited)",
					"@executable_path/Frameworks",
				);
				MARKETING_VERSION = 1.0;
				PRODUCT_BUNDLE_IDENTIFIER = MolJ.SmartSpy;
				PRODUCT_NAME = "$(TARGET_NAME)";
				PROVISIONING_PROFILE_SPECIFIER = "";
				SUPPORTED_PLATFORMS = "iphoneos iphonesimulator";
				SUPPORTS_MACCATALYST = NO;
				SUPPORTS_MAC_DESIGNED_FOR_IPHONE_IPAD = NO;
				SUPPORTS_XR_DESIGNED_FOR_IPHONE_IPAD = NO;
				SWIFT_EMIT_LOC_STRINGS = YES;
				SWIFT_VERSION = 5.0;
				TARGETED_DEVICE_FAMILY = 1;
			};
			name = Release;
		};
/* End XCBuildConfiguration section */

/* Begin XCConfigurationList section */
		4068CCD42E8A79E2009DAE08 /* Build configuration list for PBXProject "SmartSpy" */ = {
			isa = XCConfigurationList;
			buildConfigurations = (
				4068CCE22E8A79E3009DAE08 /* Debug */,
				4068CCE32E8A79E3009DAE08 /* Release */,
			);
			defaultConfigurationIsVisible = 0;
			defaultConfigurationName = Release;
		};
		4068CCE42E8A79E3009DAE08 /* Build configuration list for PBXNativeTarget "SmartSpy" */ = {
			isa = XCConfigurationList;
			buildConfigurations = (
				4068CCE52E8A79E3009DAE08 /* Debug */,
				4068CCE62E8A79E3009DAE08 /* Release */,
			);
			defaultConfigurationIsVisible = 0;
			defaultConfigurationName = Release;
		};
/* End XCConfigurationList section */

/* Begin XCLocalSwiftPackageReference section */
		513DE3672E8DDACC00C82071 /* XCLocalSwiftPackageReference "Packages/AdkLib" */ = {
			isa = XCLocalSwiftPackageReference;
			relativePath = Packages/AdkLib;
		};
/* End XCLocalSwiftPackageReference section */

/* Begin XCSwiftPackageProductDependency section */
		513DE3642E8DDA6000C82071 /* AdkLib */ = {
			isa = XCSwiftPackageProductDependency;
			productName = AdkLib;
		};
		513DE3682E8DDACC00C82071 /* AdkLib */ = {
			isa = XCSwiftPackageProductDependency;
			productName = AdkLib;
		};
/* End XCSwiftPackageProductDependency section */
	};
	rootObject = 4068CCD12E8A79E2009DAE08 /* Project object */;
}
